<?xml version="1.0" encoding="utf-8"?>
<Project ToolsVersion="4.0" xmlns="http://schemas.microsoft.com/developer/msbuild/2003">
  <ItemGroup>
    <Filter Include="Source Files">
      <UniqueIdentifier>{4FC737F1-C7A5-4376-A066-2A32D752A2FF}</UniqueIdentifier>
      <Extensions>cpp;c;cc;cxx;def;odl;idl;hpj;bat;asm;asmx</Extensions>
    </Filter>
    <Filter Include="Header Files">
      <UniqueIdentifier>{93995380-89BD-4b04-88EB-625FBE52EBFB}</UniqueIdentifier>
      <Extensions>h;hh;hpp;hxx;hm;inl;inc;xsd</Extensions>
    </Filter>
    <Filter Include="Resource Files">
      <UniqueIdentifier>{67DA6AB6-F800-4c08-8B7A-83BB121AAD01}</UniqueIdentifier>
      <Extensions>rc;ico;cur;bmp;dlg;rc2;rct;bin;rgs;gif;jpg;jpeg;jpe;resx;tiff;tif;png;wav;mfcribbon-ms</Extensions>
    </Filter>
    <Filter Include="Source Files\core">
      <UniqueIdentifier>{b2fcc721-140b-46ea-a775-c7213d191d6b}</UniqueIdentifier>
    </Filter>
    <Filter Include="Header Files\core">
      <UniqueIdentifier>{c0b63e67-9df8-4081-b4d8-36263a0fc0bf}</UniqueIdentifier>
    </Filter>
    <Filter Include="Resource Files\shaders">
      <UniqueIdentifier>{e9e66ba7-fe2b-4656-b3d6-482054172a4a}</UniqueIdentifier>
    </Filter>
    <Filter Include="Header Files\core\render">
      <UniqueIdentifier>{509cdf89-2c76-497f-b77b-01c7386a2f14}</UniqueIdentifier>
    </Filter>
    <Filter Include="Source Files\core\render">
      <UniqueIdentifier>{7d94e4e8-ecb4-4cef-8f2a-1852d7852457}</UniqueIdentifier>
    </Filter>
    <Filter Include="Header Files\core\lodepng">
      <UniqueIdentifier>{4ed9db23-4483-48ba-9737-b90818b7e6d2}</UniqueIdentifier>
    </Filter>
    <Filter Include="Source Files\core\lodepng">
      <UniqueIdentifier>{20541f7c-72f8-43cb-9599-68cce0a75b1a}</UniqueIdentifier>
    </Filter>
    <Filter Include="Source Files\core\math">
      <UniqueIdentifier>{266caca8-8910-44ff-ae76-e861c84c2319}</UniqueIdentifier>
    </Filter>
    <Filter Include="Header Files\core\math">
      <UniqueIdentifier>{4ccdd322-a405-4c7f-9bbc-93c6c6c08404}</UniqueIdentifier>
    </Filter>
  </ItemGroup>
  <ItemGroup>
    <ClCompile Include="src\Main.cpp">
      <Filter>Source Files</Filter>
    </ClCompile>
    <ClCompile Include="src\core\Window.cpp">
      <Filter>Source Files\core</Filter>
    </ClCompile>
    <ClCompile Include="src\core\Input.cpp">
      <Filter>Source Files\core</Filter>
    </ClCompile>
    <ClCompile Include="src\core\Strings.cpp">
      <Filter>Source Files\core</Filter>
    </ClCompile>
    <ClCompile Include="src\core\System.cpp">
      <Filter>Source Files\core</Filter>
    </ClCompile>
    <ClCompile Include="src\core\Timer.cpp">
      <Filter>Source Files\core</Filter>
    </ClCompile>
    <ClCompile Include="src\core\Texture.cpp">
      <Filter>Source Files\core\render</Filter>
    </ClCompile>
    <ClCompile Include="src\core\lodepng.cpp">
      <Filter>Source Files\core\lodepng</Filter>
    </ClCompile>
    <ClCompile Include="src\core\IO.cpp">
      <Filter>Source Files\core</Filter>
    </ClCompile>
    <ClCompile Include="src\core\Shader.cpp">
      <Filter>Source Files\core\render</Filter>
    </ClCompile>
    <ClCompile Include="src\core\Vector2f.cpp">
      <Filter>Source Files\core\math</Filter>
    </ClCompile>
  </ItemGroup>
  <ItemGroup>
    <ClInclude Include="src\core\HashMap.h">
      <Filter>Header Files\core</Filter>
    </ClInclude>
    <ClInclude Include="src\core\Input.h">
      <Filter>Header Files\core</Filter>
    </ClInclude>
    <ClInclude Include="src\core\Strings.h">
      <Filter>Header Files\core</Filter>
    </ClInclude>
    <ClInclude Include="src\core\System.h">
      <Filter>Header Files\core</Filter>
    </ClInclude>
    <ClInclude Include="src\core\Timer.h">
      <Filter>Header Files\core</Filter>
    </ClInclude>
    <ClInclude Include="src\core\ToString.h">
      <Filter>Header Files\core</Filter>
    </ClInclude>
    <ClInclude Include="src\core\Window.h">
      <Filter>Header Files\core</Filter>
    </ClInclude>
    <ClInclude Include="src\core\Texture.h">
      <Filter>Header Files\core\render</Filter>
    </ClInclude>
    <ClInclude Include="src\core\lodepng.h">
      <Filter>Header Files\core\lodepng</Filter>
    </ClInclude>
    <ClInclude Include="src\core\IO.h">
      <Filter>Header Files\core</Filter>
    </ClInclude>
    <ClInclude Include="src\core\Shader.h">
      <Filter>Header Files\core\render</Filter>
    </ClInclude>
    <ClInclude Include="src\core\Vector2f.h">
      <Filter>Header Files\core\math</Filter>
    </ClInclude>
  </ItemGroup>
  <ItemGroup>
    <None Include="res\shaders\test.frag">
      <Filter>Resource Files\shaders</Filter>
    </None>
    <None Include="res\shaders\test.vert">
      <Filter>Resource Files\shaders</Filter>
    </None>
  </ItemGroup>
</Project>